
Microsoft Visual Studio Solution File, Format Version 12.00
# Visual Studio Version 17
VisualStudioVersion = 17.8.34330.188
MinimumVisualStudioVersion = 10.0.40219.1
Project("{FAE04EC0-301F-11D3-BF4B-00C04F79EFBC}") = "Workaroundd", "Workaroundd\Workaroundd.csproj", "{5A12A568-2D7F-4365-988C-262F08B4D12F}"
EndProject
Project("{FAE04EC0-301F-11D3-BF4B-00C04F79EFBC}") = "Entities", "Entities\Entities.csproj", "{F8A49CEB-F503-433D-B1B5-76AF0AEB39A8}"
EndProject
Project("{FAE04EC0-301F-11D3-BF4B-00C04F79EFBC}") = "Business", "Business\Business.csproj", "{2AC4E53C-A280-4DBF-B4AE-BE943704C007}"
EndProject
Global
	GlobalSection(SolutionConfigurationPlatforms) = preSolution
		Debug|Any CPU = Debug|Any CPU
		Release|Any CPU = Release|Any CPU
	EndGlobalSection
	GlobalSection(ProjectConfigurationPlatforms) = postSolution
		{5A12A568-2D7F-4365-988C-262F08B4D12F}.Debug|Any CPU.ActiveCfg = Debug|Any CPU
		{5A12A568-2D7F-4365-988C-262F08B4D12F}.Debug|Any CPU.Build.0 = Debug|Any CPU
		{5A12A568-2D7F-4365-988C-262F08B4D12F}.Release|Any CPU.ActiveCfg = Release|Any CPU
		{5A12A568-2D7F-4365-988C-262F08B4D12F}.Release|Any CPU.Build.0 = Release|Any CPU
		{F8A49CEB-F503-433D-B1B5-76AF0AEB39A8}.Debug|Any CPU.ActiveCfg = Debug|Any CPU
		{F8A49CEB-F503-433D-B1B5-76AF0AEB39A8}.Debug|Any CPU.Build.0 = Debug|Any CPU
		{F8A49CEB-F503-433D-B1B5-76AF0AEB39A8}.Release|Any CPU.ActiveCfg = Release|Any CPU
		{F8A49CEB-F503-433D-B1B5-76AF0AEB39A8}.Release|Any CPU.Build.0 = Release|Any CPU
		{2AC4E53C-A280-4DBF-B4AE-BE943704C007}.Debug|Any CPU.ActiveCfg = Debug|Any CPU
		{2AC4E53C-A280-4DBF-B4AE-BE943704C007}.Debug|Any CPU.Build.0 = Debug|Any CPU
		{2AC4E53C-A280-4DBF-B4AE-BE943704C007}.Release|Any CPU.ActiveCfg = Release|Any CPU
		{2AC4E53C-A280-4DBF-B4AE-BE943704C007}.Release|Any CPU.Build.0 = Release|Any CPU
	EndGlobalSection
	GlobalSection(SolutionProperties) = preSolution
		HideSolutionNode = FALSE
	EndGlobalSection
	GlobalSection(ExtensibilityGlobals) = postSolution
		SolutionGuid = {F265FE29-FF38-4556-89C8-8010AA70F762}
	EndGlobalSection
EndGlobal
